// !$*UTF8*$!
{
	archiveVersion = 1;
	classes = {
	};
	objectVersion = 56;
	objects = {

/* Begin PBXBuildFile section */
		D8444ED42AF403B200F7099F /* cJSON.c in Sources */ = {isa = PBXBuildFile; fileRef = D8444ED32AF403B200F7099F /* cJSON.c */; };
		D86A219F2AF1321600C25D09 /* main.c in Sources */ = {isa = PBXBuildFile; fileRef = D86A219E2AF1321600C25D09 /* main.c */; };
		D86A21A82AF1350B00C25D09 /* cparser.l in Sources */ = {isa = PBXBuildFile; fileRef = D86A21A72AF1350B00C25D09 /* cparser.l */; };
		D86A21AA2AF13FF500C25D09 /* cparser.y in Sources */ = {isa = PBXBuildFile; fileRef = D86A21A92AF13FF500C25D09 /* cparser.y */; };
		D883B3AC2AF2414400BA2F62 /* cparcer2.y in Sources */ = {isa = PBXBuildFile; fileRef = D883B3AB2AF2414300BA2F62 /* cparcer2.y */; };
/* End PBXBuildFile section */

/* Begin PBXCopyFilesBuildPhase section */
		D86A21992AF1321600C25D09 /* CopyFiles */ = {
			isa = PBXCopyFilesBuildPhase;
			buildActionMask = 2147483647;
			dstPath = /usr/share/man/man1/;
			dstSubfolderSpec = 0;
			files = (
			);
			runOnlyForDeploymentPostprocessing = 1;
		};
/* End PBXCopyFilesBuildPhase section */

/* Begin PBXFileReference section */
		D8444ED22AF403B200F7099F /* cJSON.h */ = {isa = PBXFileReference; fileEncoding = 4; lastKnownFileType = sourcecode.c.h; path = cJSON.h; sourceTree = "<group>"; };
		D8444ED32AF403B200F7099F /* cJSON.c */ = {isa = PBXFileReference; fileEncoding = 4; lastKnownFileType = sourcecode.c.c; path = cJSON.c; sourceTree = "<group>"; };
		D86A219B2AF1321600C25D09 /* LexYaccParser */ = {isa = PBXFileReference; explicitFileType = "compiled.mach-o.executable"; includeInIndex = 0; path = LexYaccParser; sourceTree = BUILT_PRODUCTS_DIR; };
		D86A219E2AF1321600C25D09 /* main.c */ = {isa = PBXFileReference; lastKnownFileType = sourcecode.c.c; path = main.c; sourceTree = "<group>"; };
		D86A21A72AF1350B00C25D09 /* cparser.l */ = {isa = PBXFileReference; lastKnownFileType = sourcecode.lex; path = cparser.l; sourceTree = "<group>"; };
		D86A21A92AF13FF500C25D09 /* cparser.y */ = {isa = PBXFileReference; lastKnownFileType = sourcecode.yacc; path = cparser.y; sourceTree = "<group>"; };
		D883B3AB2AF2414300BA2F62 /* cparcer2.y */ = {isa = PBXFileReference; fileEncoding = 4; lastKnownFileType = sourcecode.yacc; path = cparcer2.y; sourceTree = "<group>"; };
/* End PBXFileReference section */

/* Begin PBXFrameworksBuildPhase section */
		D86A21982AF1321600C25D09 /* Frameworks */ = {
			isa = PBXFrameworksBuildPhase;
			buildActionMask = 2147483647;
			files = (
			);
			runOnlyForDeploymentPostprocessing = 0;
		};
/* End PBXFrameworksBuildPhase section */

/* Begin PBXGroup section */
		D86A21922AF1321600C25D09 = {
			isa = PBXGroup;
			children = (
				D86A219D2AF1321600C25D09 /* LexYaccParser */,
				D86A219C2AF1321600C25D09 /* Products */,
			);
			sourceTree = "<group>";
		};
		D86A219C2AF1321600C25D09 /* Products */ = {
			isa = PBXGroup;
			children = (
				D86A219B2AF1321600C25D09 /* LexYaccParser */,
			);
			name = Products;
			sourceTree = "<group>";
		};
		D86A219D2AF1321600C25D09 /* LexYaccParser */ = {
			isa = PBXGroup;
			children = (
				D8444ED32AF403B200F7099F /* cJSON.c */,
				D8444ED22AF403B200F7099F /* cJSON.h */,
				D86A219E2AF1321600C25D09 /* main.c */,
				D86A21A72AF1350B00C25D09 /* cparser.l */,
				D86A21A92AF13FF500C25D09 /* cparser.y */,
				D883B3AB2AF2414300BA2F62 /* cparcer2.y */,
			);
			path = LexYaccParser;
			sourceTree = "<group>";
		};
/* End PBXGroup section */

/* Begin PBXNativeTarget section */
		D86A219A2AF1321600C25D09 /* LexYaccParser */ = {
			isa = PBXNativeTarget;
			buildConfigurationList = D86A21A22AF1321600C25D09 /* Build configuration list for PBXNativeTarget "LexYaccParser" */;
			buildPhases = (
				D86A21972AF1321600C25D09 /* Sources */,
				D86A21982AF1321600C25D09 /* Frameworks */,
				D86A21992AF1321600C25D09 /* CopyFiles */,
			);
			buildRules = (
			);
			dependencies = (
			);
			name = LexYaccParser;
			productName = LexYaccParser;
			productReference = D86A219B2AF1321600C25D09 /* LexYaccParser */;
			productType = "com.apple.product-type.tool";
		};
/* End PBXNativeTarget section */

/* Begin PBXProject section */
		D86A21932AF1321600C25D09 /* Project object */ = {
			isa = PBXProject;
			attributes = {
				BuildIndependentTargetsInParallel = 1;
				LastUpgradeCheck = 1500;
				TargetAttributes = {
					D86A219A2AF1321600C25D09 = {
						CreatedOnToolsVersion = 15.0;
					};
				};
			};
			buildConfigurationList = D86A21962AF1321600C25D09 /* Build configuration list for PBXProject "LexYaccParser" */;
			compatibilityVersion = "Xcode 14.0";
			developmentRegion = en;
			hasScannedForEncodings = 0;
			knownRegions = (
				en,
				Base,
			);
			mainGroup = D86A21922AF1321600C25D09;
			productRefGroup = D86A219C2AF1321600C25D09 /* Products */;
			projectDirPath = "";
			projectRoot = "";
			targets = (
				D86A219A2AF1321600C25D09 /* LexYaccParser */,
			);
		};
/* End PBXProject section */

/* Begin PBXSourcesBuildPhase section */
		D86A21972AF1321600C25D09 /* Sources */ = {
			isa = PBXSourcesBuildPhase;
			buildActionMask = 2147483647;
			files = (
				D86A21AA2AF13FF500C25D09 /* cparser.y in Sources */,
				D86A219F2AF1321600C25D09 /* main.c in Sources */,
				D86A21A82AF1350B00C25D09 /* cparser.l in Sources */,
				D8444ED42AF403B200F7099F /* cJSON.c in Sources */,
				D883B3AC2AF2414400BA2F62 /* cparcer2.y in Sources */,
			);
			runOnlyForDeploymentPostprocessing = 0;
		};
/* End PBXSourcesBuildPhase section */

/* Begin XCBuildConfiguration section */
		D86A21A02AF1321600C25D09 /* Debug */ = {
			isa = XCBuildConfiguration;
			buildSettings = {
				ALWAYS_SEARCH_USER_PATHS = NO;
				ASSETCATALOG_COMPILER_GENERATE_SWIFT_ASSET_SYMBOL_EXTENSIONS = YES;
				CLANG_ANALYZER_NONNULL = YES;
				CLANG_ANALYZER_NUMBER_OBJECT_CONVERSION = YES_AGGRESSIVE;
				CLANG_CXX_LANGUAGE_STANDARD = "gnu++20";
				CLANG_ENABLE_MODULES = YES;
				CLANG_ENABLE_OBJC_ARC = YES;
				CLANG_ENABLE_OBJC_WEAK = YES;
				CLANG_WARN_BLOCK_CAPTURE_AUTORELEASING = YES;
				CLANG_WARN_BOOL_CONVERSION = YES;
				CLANG_WARN_COMMA = YES;
				CLANG_WARN_CONSTANT_CONVERSION = YES;
				CLANG_WARN_DEPRECATED_OBJC_IMPLEMENTATIONS = YES;
				CLANG_WARN_DIRECT_OBJC_ISA_USAGE = YES_ERROR;
				CLANG_WARN_DOCUMENTATION_COMMENTS = YES;
				CLANG_WARN_EMPTY_BODY = YES;
				CLANG_WARN_ENUM_CONVERSION = YES;
				CLANG_WARN_INFINITE_RECURSION = YES;
				CLANG_WARN_INT_CONVERSION = YES;
				CLANG_WARN_NON_LITERAL_NULL_CONVERSION = YES;
				CLANG_WARN_OBJC_IMPLICIT_RETAIN_SELF = YES;
				CLANG_WARN_OBJC_LITERAL_CONVERSION = YES;
				CLANG_WARN_OBJC_ROOT_CLASS = YES_ERROR;
				CLANG_WARN_QUOTED_INCLUDE_IN_FRAMEWORK_HEADER = YES;
				CLANG_WARN_RANGE_LOOP_ANALYSIS = YES;
				CLANG_WARN_STRICT_PROTOTYPES = YES;
				CLANG_WARN_SUSPICIOUS_MOVE = YES;
				CLANG_WARN_UNGUARDED_AVAILABILITY = YES_AGGRESSIVE;
				CLANG_WARN_UNREACHABLE_CODE = YES;
				CLANG_WARN__DUPLICATE_METHOD_MATCH = YES;
				COPY_PHASE_STRIP = NO;
				DEBUG_INFORMATION_FORMAT = dwarf;
				ENABLE_STRICT_OBJC_MSGSEND = YES;
				ENABLE_TESTABILITY = YES;
				ENABLE_USER_SCRIPT_SANDBOXING = YES;
				GCC_C_LANGUAGE_STANDARD = gnu17;
				GCC_DYNAMIC_NO_PIC = NO;
				GCC_NO_COMMON_BLOCKS = YES;
				GCC_OPTIMIZATION_LEVEL = 0;
				GCC_PREPROCESSOR_DEFINITIONS = (
					"DEBUG=1",
					"$(inherited)",
				);
				GCC_WARN_64_TO_32_BIT_CONVERSION = YES;
				GCC_WARN_ABOUT_RETURN_TYPE = YES_ERROR;
				GCC_WARN_UNDECLARED_SELECTOR = YES;
				GCC_WARN_UNINITIALIZED_AUTOS = YES_AGGRESSIVE;
				GCC_WARN_UNUSED_FUNCTION = YES;
				GCC_WARN_UNUSED_VARIABLE = YES;
				LOCALIZATION_PREFERS_STRING_CATALOGS = YES;
				MACOSX_DEPLOYMENT_TARGET = 14.0;
				MTL_ENABLE_DEBUG_INFO = INCLUDE_SOURCE;
				MTL_FAST_MATH = YES;
				ONLY_ACTIVE_ARCH = YES;
				SDKROOT = macosx;
			};
			name = Debug;
		};
		D86A21A12AF1321600C25D09 /* Release */ = {
			isa = XCBuildConfiguration;
			buildSettings = {
				ALWAYS_SEARCH_USER_PATHS = NO;
				ASSETCATALOG_COMPILER_GENERATE_SWIFT_ASSET_SYMBOL_EXTENSIONS = YES;
				CLANG_ANALYZER_NONNULL = YES;
				CLANG_ANALYZER_NUMBER_OBJECT_CONVERSION = YES_AGGRESSIVE;
				CLANG_CXX_LANGUAGE_STANDARD = "gnu++20";
				CLANG_ENABLE_MODULES = YES;
				CLANG_ENABLE_OBJC_ARC = YES;
				CLANG_ENABLE_OBJC_WEAK = YES;
				CLANG_WARN_BLOCK_CAPTURE_AUTORELEASING = YES;
				CLANG_WARN_BOOL_CONVERSION = YES;
				CLANG_WARN_COMMA = YES;
				CLANG_WARN_CONSTANT_CONVERSION = YES;
				CLANG_WARN_DEPRECATED_OBJC_IMPLEMENTATIONS = YES;
				CLANG_WARN_DIRECT_OBJC_ISA_USAGE = YES_ERROR;
				CLANG_WARN_DOCUMENTATION_COMMENTS = YES;
				CLANG_WARN_EMPTY_BODY = YES;
				CLANG_WARN_ENUM_CONVERSION = YES;
				CLANG_WARN_INFINITE_RECURSION = YES;
				CLANG_WARN_INT_CONVERSION = YES;
				CLANG_WARN_NON_LITERAL_NULL_CONVERSION = YES;
				CLANG_WARN_OBJC_IMPLICIT_RETAIN_SELF = YES;
				CLANG_WARN_OBJC_LITERAL_CONVERSION = YES;
				CLANG_WARN_OBJC_ROOT_CLASS = YES_ERROR;
				CLANG_WARN_QUOTED_INCLUDE_IN_FRAMEWORK_HEADER = YES;
				CLANG_WARN_RANGE_LOOP_ANALYSIS = YES;
				CLANG_WARN_STRICT_PROTOTYPES = YES;
				CLANG_WARN_SUSPICIOUS_MOVE = YES;
				CLANG_WARN_UNGUARDED_AVAILABILITY = YES_AGGRESSIVE;
				CLANG_WARN_UNREACHABLE_CODE = YES;
				CLANG_WARN__DUPLICATE_METHOD_MATCH = YES;
				COPY_PHASE_STRIP = NO;
				DEBUG_INFORMATION_FORMAT = "dwarf-with-dsym";
				ENABLE_NS_ASSERTIONS = NO;
				ENABLE_STRICT_OBJC_MSGSEND = YES;
				ENABLE_USER_SCRIPT_SANDBOXING = YES;
				GCC_C_LANGUAGE_STANDARD = gnu17;
				GCC_NO_COMMON_BLOCKS = YES;
				GCC_WARN_64_TO_32_BIT_CONVERSION = YES;
				GCC_WARN_ABOUT_RETURN_TYPE = YES_ERROR;
				GCC_WARN_UNDECLARED_SELECTOR = YES;
				GCC_WARN_UNINITIALIZED_AUTOS = YES_AGGRESSIVE;
				GCC_WARN_UNUSED_FUNCTION = YES;
				GCC_WARN_UNUSED_VARIABLE = YES;
				LOCALIZATION_PREFERS_STRING_CATALOGS = YES;
				MACOSX_DEPLOYMENT_TARGET = 14.0;
				MTL_ENABLE_DEBUG_INFO = NO;
				MTL_FAST_MATH = YES;
				SDKROOT = macosx;
			};
			name = Release;
		};
		D86A21A32AF1321600C25D09 /* Debug */ = {
			isa = XCBuildConfiguration;
			buildSettings = {
				CODE_SIGN_STYLE = Automatic;
				PRODUCT_NAME = "$(TARGET_NAME)";
			};
			name = Debug;
		};
		D86A21A42AF1321600C25D09 /* Release */ = {
			isa = XCBuildConfiguration;
			buildSettings = {
				CODE_SIGN_STYLE = Automatic;
				PRODUCT_NAME = "$(TARGET_NAME)";
			};
			name = Release;
		};
/* End XCBuildConfiguration section */

/* Begin XCConfigurationList section */
		D86A21962AF1321600C25D09 /* Build configuration list for PBXProject "LexYaccParser" */ = {
			isa = XCConfigurationList;
			buildConfigurations = (
				D86A21A02AF1321600C25D09 /* Debug */,
				D86A21A12AF1321600C25D09 /* Release */,
			);
			defaultConfigurationIsVisible = 0;
			defaultConfigurationName = Release;
		};
		D86A21A22AF1321600C25D09 /* Build configuration list for PBXNativeTarget "LexYaccParser" */ = {
			isa = XCConfigurationList;
			buildConfigurations = (
				D86A21A32AF1321600C25D09 /* Debug */,
				D86A21A42AF1321600C25D09 /* Release */,
			);
			defaultConfigurationIsVisible = 0;
			defaultConfigurationName = Release;
		};
/* End XCConfigurationList section */
	};
	rootObject = D86A21932AF1321600C25D09 /* Project object */;
}
